{
    "_meta": {
        "hash": {
            "sha256": "efcb7d80e5e6b4a6db3820923a506c230bf09e0d06eb70b50481bf7bebf86e0d"
        },
        "pipfile-spec": 6,
        "requires": {
            "python_version": "3.6"
        },
        "sources": [
            {
                "name": "pypi",
                "url": "https://pypi.org/simple",
                "verify_ssl": true
            }
        ]
    },
    "default": {
        "kafka-python": {
            "hashes": [
                "sha256:078acdcd1fc6eddacc46d437c664998b4cf7613b7e79ced66a460965f2648f88",
                "sha256:0b56f286b674dcb331d80c1d39a01a753cc3acc962bee707da5f207db74f0a26"
            ],
            "index": "pypi",
            "version": "==1.4.3"
        }
    },
    "develop": {}
}
